
Microsoft Visual Studio Solution File, Format Version 12.00
# Visual Studio Version 17
VisualStudioVersion = 17.5.33627.172
MinimumVisualStudioVersion = 10.0.40219.1
Project("{FAE04EC0-301F-11D3-BF4B-00C04F79EFBC}") = "ajgre-technical-interview", "ajgre-technical-interview.csproj", "{4C0BCE9E-A4A4-4A97-BB77-3EE7699F037A}"
EndProject
Project("{2150E333-8FDC-42A3-9474-1A3956D46DE8}") = "tests", "tests", "{02EA681E-C7D8-13C7-8484-4AC65E1B71E8}"
EndProject
Project("{FAE04EC0-301F-11D3-BF4B-00C04F79EFBC}") = "AJGRE.Application.Tests", "AJGRE.Application.Tests\AJGRE.Application.Tests.csproj", "{4BE9028F-2EEA-9E18-144F-1EA36C644BC6}"
EndProject
Project("{FAE04EC0-301F-11D3-BF4B-00C04F79EFBC}") = "AJGRE.WebApi.Tests", "AJGRE.WebApi.Tests\AJGRE.WebApi.Tests.csproj", "{C7A2EEEF-C144-96D7-D890-10D19EE51EB7}"
EndProject
Project("{FAE04EC0-301F-11D3-BF4B-00C04F79EFBC}") = "AJGRE.Application", "AJGRE.Application\AJGRE.Application.csproj", "{245DD1EC-B910-D04C-3C4B-2CB80CECD309}"
EndProject
Project("{FAE04EC0-301F-11D3-BF4B-00C04F79EFBC}") = "AJGRE.Infrastructure", "AJGRE.Infrastructure\AJGRE.Infrastructure.csproj", "{74436365-7120-626E-9AA5-50AB86EE5FD4}"
EndProject
Project("{FAE04EC0-301F-11D3-BF4B-00C04F79EFBC}") = "AJGRE.Domain", "AJRE.Domain\AJGRE.Domain.csproj", "{E56BA8A6-614B-0836-BA4A-CD1980038427}"
EndProject
Global
	GlobalSection(SolutionConfigurationPlatforms) = preSolution
		Debug|Any CPU = Debug|Any CPU
		Release|Any CPU = Release|Any CPU
	EndGlobalSection
	GlobalSection(ProjectConfigurationPlatforms) = postSolution
		{4C0BCE9E-A4A4-4A97-BB77-3EE7699F037A}.Debug|Any CPU.ActiveCfg = Debug|Any CPU
		{4C0BCE9E-A4A4-4A97-BB77-3EE7699F037A}.Debug|Any CPU.Build.0 = Debug|Any CPU
		{4C0BCE9E-A4A4-4A97-BB77-3EE7699F037A}.Release|Any CPU.ActiveCfg = Release|Any CPU
		{4C0BCE9E-A4A4-4A97-BB77-3EE7699F037A}.Release|Any CPU.Build.0 = Release|Any CPU
		{4BE9028F-2EEA-9E18-144F-1EA36C644BC6}.Debug|Any CPU.ActiveCfg = Debug|Any CPU
		{4BE9028F-2EEA-9E18-144F-1EA36C644BC6}.Debug|Any CPU.Build.0 = Debug|Any CPU
		{4BE9028F-2EEA-9E18-144F-1EA36C644BC6}.Release|Any CPU.ActiveCfg = Release|Any CPU
		{4BE9028F-2EEA-9E18-144F-1EA36C644BC6}.Release|Any CPU.Build.0 = Release|Any CPU
		{C7A2EEEF-C144-96D7-D890-10D19EE51EB7}.Debug|Any CPU.ActiveCfg = Debug|Any CPU
		{C7A2EEEF-C144-96D7-D890-10D19EE51EB7}.Debug|Any CPU.Build.0 = Debug|Any CPU
		{C7A2EEEF-C144-96D7-D890-10D19EE51EB7}.Release|Any CPU.ActiveCfg = Release|Any CPU
		{C7A2EEEF-C144-96D7-D890-10D19EE51EB7}.Release|Any CPU.Build.0 = Release|Any CPU
		{245DD1EC-B910-D04C-3C4B-2CB80CECD309}.Debug|Any CPU.ActiveCfg = Debug|Any CPU
		{245DD1EC-B910-D04C-3C4B-2CB80CECD309}.Debug|Any CPU.Build.0 = Debug|Any CPU
		{245DD1EC-B910-D04C-3C4B-2CB80CECD309}.Release|Any CPU.ActiveCfg = Release|Any CPU
		{245DD1EC-B910-D04C-3C4B-2CB80CECD309}.Release|Any CPU.Build.0 = Release|Any CPU
		{74436365-7120-626E-9AA5-50AB86EE5FD4}.Debug|Any CPU.ActiveCfg = Debug|Any CPU
		{74436365-7120-626E-9AA5-50AB86EE5FD4}.Debug|Any CPU.Build.0 = Debug|Any CPU
		{74436365-7120-626E-9AA5-50AB86EE5FD4}.Release|Any CPU.ActiveCfg = Release|Any CPU
		{74436365-7120-626E-9AA5-50AB86EE5FD4}.Release|Any CPU.Build.0 = Release|Any CPU
		{E56BA8A6-614B-0836-BA4A-CD1980038427}.Debug|Any CPU.ActiveCfg = Debug|Any CPU
		{E56BA8A6-614B-0836-BA4A-CD1980038427}.Debug|Any CPU.Build.0 = Debug|Any CPU
		{E56BA8A6-614B-0836-BA4A-CD1980038427}.Release|Any CPU.ActiveCfg = Release|Any CPU
		{E56BA8A6-614B-0836-BA4A-CD1980038427}.Release|Any CPU.Build.0 = Release|Any CPU
	EndGlobalSection
	GlobalSection(SolutionProperties) = preSolution
		HideSolutionNode = FALSE
	EndGlobalSection
	GlobalSection(NestedProjects) = preSolution
		{4BE9028F-2EEA-9E18-144F-1EA36C644BC6} = {02EA681E-C7D8-13C7-8484-4AC65E1B71E8}
		{C7A2EEEF-C144-96D7-D890-10D19EE51EB7} = {02EA681E-C7D8-13C7-8484-4AC65E1B71E8}
	EndGlobalSection
	GlobalSection(ExtensibilityGlobals) = postSolution
		SolutionGuid = {CF39E593-2D0F-4B41-B320-443070DDD858}
	EndGlobalSection
EndGlobal
